
Microsoft Visual Studio Solution File, Format Version 12.00
# Visual Studio Version 17
VisualStudioVersion = 17.10.35013.160
MinimumVisualStudioVersion = 10.0.40219.1
Project("{FAE04EC0-301F-11D3-BF4B-00C04F79EFBC}") = "HomeTheaterManager", "HomeTheaterManager\HomeTheaterManager.csproj", "{CAB1A6F2-9129-4EEF-AF2E-364E7E769936}"
EndProject
Project("{FAE04EC0-301F-11D3-BF4B-00C04F79EFBC}") = "Client", "Client\Client.csproj", "{099D9D13-4D1E-4B1F-B4AD-20A98A8532BF}"
EndProject
Project("{FAE04EC0-301F-11D3-BF4B-00C04F79EFBC}") = "UnitTest", "UnitTest\UnitTest.csproj", "{861B8222-5393-4FDD-9D7A-F8828865346B}"
EndProject
Global
	GlobalSection(SolutionConfigurationPlatforms) = preSolution
		Debug|Any CPU = Debug|Any CPU
		Release|Any CPU = Release|Any CPU
	EndGlobalSection
	GlobalSection(ProjectConfigurationPlatforms) = postSolution
		{CAB1A6F2-9129-4EEF-AF2E-364E7E769936}.Debug|Any CPU.ActiveCfg = Debug|Any CPU
		{CAB1A6F2-9129-4EEF-AF2E-364E7E769936}.Debug|Any CPU.Build.0 = Debug|Any CPU
		{CAB1A6F2-9129-4EEF-AF2E-364E7E769936}.Release|Any CPU.ActiveCfg = Release|Any CPU
		{CAB1A6F2-9129-4EEF-AF2E-364E7E769936}.Release|Any CPU.Build.0 = Release|Any CPU
		{099D9D13-4D1E-4B1F-B4AD-20A98A8532BF}.Debug|Any CPU.ActiveCfg = Debug|Any CPU
		{099D9D13-4D1E-4B1F-B4AD-20A98A8532BF}.Debug|Any CPU.Build.0 = Debug|Any CPU
		{099D9D13-4D1E-4B1F-B4AD-20A98A8532BF}.Release|Any CPU.ActiveCfg = Release|Any CPU
		{099D9D13-4D1E-4B1F-B4AD-20A98A8532BF}.Release|Any CPU.Build.0 = Release|Any CPU
		{861B8222-5393-4FDD-9D7A-F8828865346B}.Debug|Any CPU.ActiveCfg = Debug|Any CPU
		{861B8222-5393-4FDD-9D7A-F8828865346B}.Debug|Any CPU.Build.0 = Debug|Any CPU
		{861B8222-5393-4FDD-9D7A-F8828865346B}.Release|Any CPU.ActiveCfg = Release|Any CPU
		{861B8222-5393-4FDD-9D7A-F8828865346B}.Release|Any CPU.Build.0 = Release|Any CPU
	EndGlobalSection
	GlobalSection(SolutionProperties) = preSolution
		HideSolutionNode = FALSE
	EndGlobalSection
	GlobalSection(ExtensibilityGlobals) = postSolution
		SolutionGuid = {118F4E9E-8900-4455-896A-0D2048E35D2F}
	EndGlobalSection
EndGlobal
